// !$*UTF8*$!
{
	archiveVersion = 1;
	classes = {
	};
	objectVersion = 50;
	objects = {

/* Begin PBXBuildFile section */
		EA206A2425C0931B0083FC89 /* BottomPanelView.swift in Sources */ = {isa = PBXBuildFile; fileRef = EA206A2325C0931B0083FC89 /* BottomPanelView.swift */; };
		EA206A2725C094340083FC89 /* UIColor+Convenience.swift in Sources */ = {isa = PBXBuildFile; fileRef = EA206A2625C094340083FC89 /* UIColor+Convenience.swift */; };
		EA206A2B25C095BB0083FC89 /* UIImage+Convenience.swift in Sources */ = {isa = PBXBuildFile; fileRef = EA206A2A25C095BB0083FC89 /* UIImage+Convenience.swift */; };
		EA2C269A25B4504800135808 /* AppDelegate.swift in Sources */ = {isa = PBXBuildFile; fileRef = EA2C269925B4504800135808 /* AppDelegate.swift */; };
		EA2C269E25B4504800135808 /* ViewController.swift in Sources */ = {isa = PBXBuildFile; fileRef = EA2C269D25B4504800135808 /* ViewController.swift */; };
		EA2C26A325B4504900135808 /* Assets.xcassets in Resources */ = {isa = PBXBuildFile; fileRef = EA2C26A225B4504900135808 /* Assets.xcassets */; };
		EA2C26A625B4504900135808 /* LaunchScreen.storyboard in Resources */ = {isa = PBXBuildFile; fileRef = EA2C26A425B4504900135808 /* LaunchScreen.storyboard */; };
		EA2C26B425B450A000135808 /* GradientView.swift in Sources */ = {isa = PBXBuildFile; fileRef = EA2C26B325B450A000135808 /* GradientView.swift */; };
		EA2C26B725B45D9600135808 /* Shaders.metal in Sources */ = {isa = PBXBuildFile; fileRef = EA2C26B625B45D9600135808 /* Shaders.metal */; };
		EA2C282D25B75D0D00135808 /* CAMediaTimingFunction+Helpers.swift in Sources */ = {isa = PBXBuildFile; fileRef = EA2C282C25B75D0C00135808 /* CAMediaTimingFunction+Helpers.swift */; };
		EA2C283225B7841800135808 /* GradientViewConfig.swift in Sources */ = {isa = PBXBuildFile; fileRef = EA2C283125B7841800135808 /* GradientViewConfig.swift */; };
		EAA99E0B25C1BB840020DE02 /* Settings.swift in Sources */ = {isa = PBXBuildFile; fileRef = EAA99E0A25C1BB840020DE02 /* Settings.swift */; };
		EAFB062125B9D3D70057C7CD /* GradientViewAnimation.swift in Sources */ = {isa = PBXBuildFile; fileRef = EAFB062025B9D3D70057C7CD /* GradientViewAnimation.swift */; };
/* End PBXBuildFile section */

/* Begin PBXFileReference section */
		EA206A2325C0931B0083FC89 /* BottomPanelView.swift */ = {isa = PBXFileReference; lastKnownFileType = sourcecode.swift; path = BottomPanelView.swift; sourceTree = "<group>"; };
		EA206A2625C094340083FC89 /* UIColor+Convenience.swift */ = {isa = PBXFileReference; lastKnownFileType = sourcecode.swift; path = "UIColor+Convenience.swift"; sourceTree = "<group>"; };
		EA206A2A25C095BB0083FC89 /* UIImage+Convenience.swift */ = {isa = PBXFileReference; lastKnownFileType = sourcecode.swift; path = "UIImage+Convenience.swift"; sourceTree = "<group>"; };
		EA2C269625B4504800135808 /* MetalPlayground.app */ = {isa = PBXFileReference; explicitFileType = wrapper.application; includeInIndex = 0; path = MetalPlayground.app; sourceTree = BUILT_PRODUCTS_DIR; };
		EA2C269925B4504800135808 /* AppDelegate.swift */ = {isa = PBXFileReference; lastKnownFileType = sourcecode.swift; path = AppDelegate.swift; sourceTree = "<group>"; };
		EA2C269D25B4504800135808 /* ViewController.swift */ = {isa = PBXFileReference; lastKnownFileType = sourcecode.swift; path = ViewController.swift; sourceTree = "<group>"; };
		EA2C26A225B4504900135808 /* Assets.xcassets */ = {isa = PBXFileReference; lastKnownFileType = folder.assetcatalog; path = Assets.xcassets; sourceTree = "<group>"; };
		EA2C26A525B4504900135808 /* Base */ = {isa = PBXFileReference; lastKnownFileType = file.storyboard; name = Base; path = Base.lproj/LaunchScreen.storyboard; sourceTree = "<group>"; };
		EA2C26A725B4504900135808 /* Info.plist */ = {isa = PBXFileReference; lastKnownFileType = text.plist.xml; path = Info.plist; sourceTree = "<group>"; };
		EA2C26B325B450A000135808 /* GradientView.swift */ = {isa = PBXFileReference; lastKnownFileType = sourcecode.swift; path = GradientView.swift; sourceTree = "<group>"; };
		EA2C26B625B45D9600135808 /* Shaders.metal */ = {isa = PBXFileReference; lastKnownFileType = sourcecode.metal; path = Shaders.metal; sourceTree = "<group>"; xcLanguageSpecificationIdentifier = xcode.lang.metal; };
		EA2C282C25B75D0C00135808 /* CAMediaTimingFunction+Helpers.swift */ = {isa = PBXFileReference; lastKnownFileType = sourcecode.swift; path = "CAMediaTimingFunction+Helpers.swift"; sourceTree = "<group>"; };
		EA2C283125B7841800135808 /* GradientViewConfig.swift */ = {isa = PBXFileReference; lastKnownFileType = sourcecode.swift; path = GradientViewConfig.swift; sourceTree = "<group>"; };
		EAA99E0A25C1BB840020DE02 /* Settings.swift */ = {isa = PBXFileReference; lastKnownFileType = sourcecode.swift; path = Settings.swift; sourceTree = "<group>"; };
		EAFB062025B9D3D70057C7CD /* GradientViewAnimation.swift */ = {isa = PBXFileReference; fileEncoding = 4; lastKnownFileType = sourcecode.swift; path = GradientViewAnimation.swift; sourceTree = "<group>"; };
/* End PBXFileReference section */

/* Begin PBXFrameworksBuildPhase section */
		EA2C269325B4504800135808 /* Frameworks */ = {
			isa = PBXFrameworksBuildPhase;
			buildActionMask = 2147483647;
			files = (
			);
			runOnlyForDeploymentPostprocessing = 0;
		};
/* End PBXFrameworksBuildPhase section */

/* Begin PBXGroup section */
		EA206A2025C092510083FC89 /* Views */ = {
			isa = PBXGroup;
			children = (
				EA206A2225C092680083FC89 /* BottomPanel */,
				EA206A2125C092580083FC89 /* Gradient */,
			);
			name = Views;
			sourceTree = "<group>";
		};
		EA206A2125C092580083FC89 /* Gradient */ = {
			isa = PBXGroup;
			children = (
				EA2C26B325B450A000135808 /* GradientView.swift */,
				EA2C26B625B45D9600135808 /* Shaders.metal */,
				EA2C283125B7841800135808 /* GradientViewConfig.swift */,
			);
			name = Gradient;
			sourceTree = "<group>";
		};
		EA206A2225C092680083FC89 /* BottomPanel */ = {
			isa = PBXGroup;
			children = (
				EA206A2325C0931B0083FC89 /* BottomPanelView.swift */,
			);
			name = BottomPanel;
			sourceTree = "<group>";
		};
		EA206A2E25C09AB10083FC89 /* Extensions */ = {
			isa = PBXGroup;
			children = (
				EA2C282C25B75D0C00135808 /* CAMediaTimingFunction+Helpers.swift */,
				EA206A2625C094340083FC89 /* UIColor+Convenience.swift */,
				EA206A2A25C095BB0083FC89 /* UIImage+Convenience.swift */,
			);
			name = Extensions;
			sourceTree = "<group>";
		};
		EA2C268D25B4504800135808 = {
			isa = PBXGroup;
			children = (
				EA2C269825B4504800135808 /* MetalPlayground */,
				EA2C269725B4504800135808 /* Products */,
			);
			sourceTree = "<group>";
		};
		EA2C269725B4504800135808 /* Products */ = {
			isa = PBXGroup;
			children = (
				EA2C269625B4504800135808 /* MetalPlayground.app */,
			);
			name = Products;
			sourceTree = "<group>";
		};
		EA2C269825B4504800135808 /* MetalPlayground */ = {
			isa = PBXGroup;
			children = (
				EAA99DA325C0C01A0020DE02 /* Controllers */,
				EA206A2E25C09AB10083FC89 /* Extensions */,
				EA206A2025C092510083FC89 /* Views */,
				EAA99E0925C1BB650020DE02 /* System */,
				EA2C269925B4504800135808 /* AppDelegate.swift */,
				EA2C26A225B4504900135808 /* Assets.xcassets */,
				EA2C26A425B4504900135808 /* LaunchScreen.storyboard */,
				EA2C26A725B4504900135808 /* Info.plist */,
			);
			path = MetalPlayground;
			sourceTree = "<group>";
		};
		EAA99DA325C0C01A0020DE02 /* Controllers */ = {
			isa = PBXGroup;
			children = (
				EA2C269D25B4504800135808 /* ViewController.swift */,
			);
			name = Controllers;
			sourceTree = "<group>";
		};
		EAA99E0925C1BB650020DE02 /* System */ = {
			isa = PBXGroup;
			children = (
				EAA99E0A25C1BB840020DE02 /* Settings.swift */,
				EAFB062025B9D3D70057C7CD /* GradientViewAnimation.swift */,
			);
			name = System;
			sourceTree = "<group>";
		};
/* End PBXGroup section */

/* Begin PBXNativeTarget section */
		EA2C269525B4504800135808 /* MetalPlayground */ = {
			isa = PBXNativeTarget;
			buildConfigurationList = EA2C26AA25B4504900135808 /* Build configuration list for PBXNativeTarget "MetalPlayground" */;
			buildPhases = (
				EA2C269225B4504800135808 /* Sources */,
				EA2C269325B4504800135808 /* Frameworks */,
				EA2C269425B4504800135808 /* Resources */,
			);
			buildRules = (
			);
			dependencies = (
			);
			name = MetalPlayground;
			productName = MetalPlayground;
			productReference = EA2C269625B4504800135808 /* MetalPlayground.app */;
			productType = "com.apple.product-type.application";
		};
/* End PBXNativeTarget section */

/* Begin PBXProject section */
		EA2C268E25B4504800135808 /* Project object */ = {
			isa = PBXProject;
			attributes = {
				LastSwiftUpdateCheck = 1230;
				LastUpgradeCheck = 1230;
				TargetAttributes = {
					EA2C269525B4504800135808 = {
						CreatedOnToolsVersion = 12.3;
						LastSwiftMigration = 1230;
					};
				};
			};
			buildConfigurationList = EA2C269125B4504800135808 /* Build configuration list for PBXProject "MetalPlayground" */;
			compatibilityVersion = "Xcode 9.3";
			developmentRegion = en;
			hasScannedForEncodings = 0;
			knownRegions = (
				en,
				Base,
			);
			mainGroup = EA2C268D25B4504800135808;
			productRefGroup = EA2C269725B4504800135808 /* Products */;
			projectDirPath = "";
			projectRoot = "";
			targets = (
				EA2C269525B4504800135808 /* MetalPlayground */,
			);
		};
/* End PBXProject section */

/* Begin PBXResourcesBuildPhase section */
		EA2C269425B4504800135808 /* Resources */ = {
			isa = PBXResourcesBuildPhase;
			buildActionMask = 2147483647;
			files = (
				EA2C26A625B4504900135808 /* LaunchScreen.storyboard in Resources */,
				EA2C26A325B4504900135808 /* Assets.xcassets in Resources */,
			);
			runOnlyForDeploymentPostprocessing = 0;
		};
/* End PBXResourcesBuildPhase section */

/* Begin PBXSourcesBuildPhase section */
		EA2C269225B4504800135808 /* Sources */ = {
			isa = PBXSourcesBuildPhase;
			buildActionMask = 2147483647;
			files = (
				EA206A2425C0931B0083FC89 /* BottomPanelView.swift in Sources */,
				EAFB062125B9D3D70057C7CD /* GradientViewAnimation.swift in Sources */,
				EAA99E0B25C1BB840020DE02 /* Settings.swift in Sources */,
				EA2C26B725B45D9600135808 /* Shaders.metal in Sources */,
				EA206A2B25C095BB0083FC89 /* UIImage+Convenience.swift in Sources */,
				EA2C269E25B4504800135808 /* ViewController.swift in Sources */,
				EA2C283225B7841800135808 /* GradientViewConfig.swift in Sources */,
				EA2C282D25B75D0D00135808 /* CAMediaTimingFunction+Helpers.swift in Sources */,
				EA2C269A25B4504800135808 /* AppDelegate.swift in Sources */,
				EA2C26B425B450A000135808 /* GradientView.swift in Sources */,
				EA206A2725C094340083FC89 /* UIColor+Convenience.swift in Sources */,
			);
			runOnlyForDeploymentPostprocessing = 0;
		};
/* End PBXSourcesBuildPhase section */

/* Begin PBXVariantGroup section */
		EA2C26A425B4504900135808 /* LaunchScreen.storyboard */ = {
			isa = PBXVariantGroup;
			children = (
				EA2C26A525B4504900135808 /* Base */,
			);
			name = LaunchScreen.storyboard;
			sourceTree = "<group>";
		};
/* End PBXVariantGroup section */

/* Begin XCBuildConfiguration section */
		EA2C26A825B4504900135808 /* Debug */ = {
			isa = XCBuildConfiguration;
			buildSettings = {
				ALWAYS_SEARCH_USER_PATHS = NO;
				CLANG_ANALYZER_NONNULL = YES;
				CLANG_ANALYZER_NUMBER_OBJECT_CONVERSION = YES_AGGRESSIVE;
				CLANG_CXX_LANGUAGE_STANDARD = "gnu++14";
				CLANG_CXX_LIBRARY = "libc++";
				CLANG_ENABLE_MODULES = YES;
				CLANG_ENABLE_OBJC_ARC = YES;
				CLANG_ENABLE_OBJC_WEAK = YES;
				CLANG_WARN_BLOCK_CAPTURE_AUTORELEASING = YES;
				CLANG_WARN_BOOL_CONVERSION = YES;
				CLANG_WARN_COMMA = YES;
				CLANG_WARN_CONSTANT_CONVERSION = YES;
				CLANG_WARN_DEPRECATED_OBJC_IMPLEMENTATIONS = YES;
				CLANG_WARN_DIRECT_OBJC_ISA_USAGE = YES_ERROR;
				CLANG_WARN_DOCUMENTATION_COMMENTS = YES;
				CLANG_WARN_EMPTY_BODY = YES;
				CLANG_WARN_ENUM_CONVERSION = YES;
				CLANG_WARN_INFINITE_RECURSION = YES;
				CLANG_WARN_INT_CONVERSION = YES;
				CLANG_WARN_NON_LITERAL_NULL_CONVERSION = YES;
				CLANG_WARN_OBJC_IMPLICIT_RETAIN_SELF = YES;
				CLANG_WARN_OBJC_LITERAL_CONVERSION = YES;
				CLANG_WARN_OBJC_ROOT_CLASS = YES_ERROR;
				CLANG_WARN_QUOTED_INCLUDE_IN_FRAMEWORK_HEADER = YES;
				CLANG_WARN_RANGE_LOOP_ANALYSIS = YES;
				CLANG_WARN_STRICT_PROTOTYPES = YES;
				CLANG_WARN_SUSPICIOUS_MOVE = YES;
				CLANG_WARN_UNGUARDED_AVAILABILITY = YES_AGGRESSIVE;
				CLANG_WARN_UNREACHABLE_CODE = YES;
				CLANG_WARN__DUPLICATE_METHOD_MATCH = YES;
				COPY_PHASE_STRIP = NO;
				DEBUG_INFORMATION_FORMAT = dwarf;
				ENABLE_STRICT_OBJC_MSGSEND = YES;
				ENABLE_TESTABILITY = YES;
				GCC_C_LANGUAGE_STANDARD = gnu11;
				GCC_DYNAMIC_NO_PIC = NO;
				GCC_NO_COMMON_BLOCKS = YES;
				GCC_OPTIMIZATION_LEVEL = 0;
				GCC_PREPROCESSOR_DEFINITIONS = (
					"DEBUG=1",
					"$(inherited)",
				);
				GCC_WARN_64_TO_32_BIT_CONVERSION = YES;
				GCC_WARN_ABOUT_RETURN_TYPE = YES_ERROR;
				GCC_WARN_UNDECLARED_SELECTOR = YES;
				GCC_WARN_UNINITIALIZED_AUTOS = YES_AGGRESSIVE;
				GCC_WARN_UNUSED_FUNCTION = YES;
				GCC_WARN_UNUSED_VARIABLE = YES;
				IPHONEOS_DEPLOYMENT_TARGET = 14.3;
				MTL_ENABLE_DEBUG_INFO = INCLUDE_SOURCE;
				MTL_FAST_MATH = YES;
				ONLY_ACTIVE_ARCH = YES;
				SDKROOT = iphoneos;
				SWIFT_ACTIVE_COMPILATION_CONDITIONS = DEBUG;
				SWIFT_OPTIMIZATION_LEVEL = "-Onone";
			};
			name = Debug;
		};
		EA2C26A925B4504900135808 /* Release */ = {
			isa = XCBuildConfiguration;
			buildSettings = {
				ALWAYS_SEARCH_USER_PATHS = NO;
				CLANG_ANALYZER_NONNULL = YES;
				CLANG_ANALYZER_NUMBER_OBJECT_CONVERSION = YES_AGGRESSIVE;
				CLANG_CXX_LANGUAGE_STANDARD = "gnu++14";
				CLANG_CXX_LIBRARY = "libc++";
				CLANG_ENABLE_MODULES = YES;
				CLANG_ENABLE_OBJC_ARC = YES;
				CLANG_ENABLE_OBJC_WEAK = YES;
				CLANG_WARN_BLOCK_CAPTURE_AUTORELEASING = YES;
				CLANG_WARN_BOOL_CONVERSION = YES;
				CLANG_WARN_COMMA = YES;
				CLANG_WARN_CONSTANT_CONVERSION = YES;
				CLANG_WARN_DEPRECATED_OBJC_IMPLEMENTATIONS = YES;
				CLANG_WARN_DIRECT_OBJC_ISA_USAGE = YES_ERROR;
				CLANG_WARN_DOCUMENTATION_COMMENTS = YES;
				CLANG_WARN_EMPTY_BODY = YES;
				CLANG_WARN_ENUM_CONVERSION = YES;
				CLANG_WARN_INFINITE_RECURSION = YES;
				CLANG_WARN_INT_CONVERSION = YES;
				CLANG_WARN_NON_LITERAL_NULL_CONVERSION = YES;
				CLANG_WARN_OBJC_IMPLICIT_RETAIN_SELF = YES;
				CLANG_WARN_OBJC_LITERAL_CONVERSION = YES;
				CLANG_WARN_OBJC_ROOT_CLASS = YES_ERROR;
				CLANG_WARN_QUOTED_INCLUDE_IN_FRAMEWORK_HEADER = YES;
				CLANG_WARN_RANGE_LOOP_ANALYSIS = YES;
				CLANG_WARN_STRICT_PROTOTYPES = YES;
				CLANG_WARN_SUSPICIOUS_MOVE = YES;
				CLANG_WARN_UNGUARDED_AVAILABILITY = YES_AGGRESSIVE;
				CLANG_WARN_UNREACHABLE_CODE = YES;
				CLANG_WARN__DUPLICATE_METHOD_MATCH = YES;
				COPY_PHASE_STRIP = NO;
				DEBUG_INFORMATION_FORMAT = "dwarf-with-dsym";
				ENABLE_NS_ASSERTIONS = NO;
				ENABLE_STRICT_OBJC_MSGSEND = YES;
				GCC_C_LANGUAGE_STANDARD = gnu11;
				GCC_NO_COMMON_BLOCKS = YES;
				GCC_WARN_64_TO_32_BIT_CONVERSION = YES;
				GCC_WARN_ABOUT_RETURN_TYPE = YES_ERROR;
				GCC_WARN_UNDECLARED_SELECTOR = YES;
				GCC_WARN_UNINITIALIZED_AUTOS = YES_AGGRESSIVE;
				GCC_WARN_UNUSED_FUNCTION = YES;
				GCC_WARN_UNUSED_VARIABLE = YES;
				IPHONEOS_DEPLOYMENT_TARGET = 14.3;
				MTL_ENABLE_DEBUG_INFO = NO;
				MTL_FAST_MATH = YES;
				SDKROOT = iphoneos;
				SWIFT_COMPILATION_MODE = wholemodule;
				SWIFT_OPTIMIZATION_LEVEL = "-O";
				VALIDATE_PRODUCT = YES;
			};
			name = Release;
		};
		EA2C26AB25B4504900135808 /* Debug */ = {
			isa = XCBuildConfiguration;
			buildSettings = {
				ASSETCATALOG_COMPILER_APPICON_NAME = AppIcon;
				ASSETCATALOG_COMPILER_GLOBAL_ACCENT_COLOR_NAME = AccentColor;
				CLANG_ENABLE_MODULES = YES;
				CODE_SIGN_STYLE = Automatic;
				DEVELOPMENT_TEAM = D4B5XXQ9V5;
				INFOPLIST_FILE = MetalPlayground/Info.plist;
				IPHONEOS_DEPLOYMENT_TARGET = 9.0;
				LD_RUNPATH_SEARCH_PATHS = (
					"$(inherited)",
					"@executable_path/Frameworks",
				);
				PRODUCT_BUNDLE_IDENTIFIER = com.home.MetalPlayground;
				PRODUCT_NAME = "$(TARGET_NAME)";
				SWIFT_OPTIMIZATION_LEVEL = "-Onone";
				SWIFT_VERSION = 5.0;
				TARGETED_DEVICE_FAMILY = 1;
			};
			name = Debug;
		};
		EA2C26AC25B4504900135808 /* Release */ = {
			isa = XCBuildConfiguration;
			buildSettings = {
				ASSETCATALOG_COMPILER_APPICON_NAME = AppIcon;
				ASSETCATALOG_COMPILER_GLOBAL_ACCENT_COLOR_NAME = AccentColor;
				CLANG_ENABLE_MODULES = YES;
				CODE_SIGN_STYLE = Automatic;
				DEVELOPMENT_TEAM = D4B5XXQ9V5;
				INFOPLIST_FILE = MetalPlayground/Info.plist;
				IPHONEOS_DEPLOYMENT_TARGET = 9.0;
				LD_RUNPATH_SEARCH_PATHS = (
					"$(inherited)",
					"@executable_path/Frameworks",
				);
				PRODUCT_BUNDLE_IDENTIFIER = com.home.MetalPlayground;
				PRODUCT_NAME = "$(TARGET_NAME)";
				SWIFT_VERSION = 5.0;
				TARGETED_DEVICE_FAMILY = 1;
			};
			name = Release;
		};
/* End XCBuildConfiguration section */

/* Begin XCConfigurationList section */
		EA2C269125B4504800135808 /* Build configuration list for PBXProject "MetalPlayground" */ = {
			isa = XCConfigurationList;
			buildConfigurations = (
				EA2C26A825B4504900135808 /* Debug */,
				EA2C26A925B4504900135808 /* Release */,
			);
			defaultConfigurationIsVisible = 0;
			defaultConfigurationName = Release;
		};
		EA2C26AA25B4504900135808 /* Build configuration list for PBXNativeTarget "MetalPlayground" */ = {
			isa = XCConfigurationList;
			buildConfigurations = (
				EA2C26AB25B4504900135808 /* Debug */,
				EA2C26AC25B4504900135808 /* Release */,
			);
			defaultConfigurationIsVisible = 0;
			defaultConfigurationName = Release;
		};
/* End XCConfigurationList section */
	};
	rootObject = EA2C268E25B4504800135808 /* Project object */;
}
